
Microsoft Visual Studio Solution File, Format Version 12.00
# Visual Studio Version 16
VisualStudioVersion = 16.0.28803.202
MinimumVisualStudioVersion = 10.0.40219.1
Project("{9A19103F-16F7-4668-BE54-9A1E7A4F7556}") = "WorkFollow.Web", "WorkFollow.Web\WorkFollow.Web.csproj", "{2D59FB37-954A-4959-ADDA-B5532632AEB2}"
EndProject
Project("{9A19103F-16F7-4668-BE54-9A1E7A4F7556}") = "WorkFollow.Entities", "WorkFollow.Entities\WorkFollow.Entities.csproj", "{97BC9379-43D0-4813-8C94-891F0A482CA5}"
EndProject
Project("{9A19103F-16F7-4668-BE54-9A1E7A4F7556}") = "WorkFollow.Services", "WorkFollow.Services\WorkFollow.Services.csproj", "{17D3E050-E898-4264-99B6-D68C99A94FDB}"
EndProject
Project("{FAE04EC0-301F-11D3-BF4B-00C04F79EFBC}") = "WorkFollow.Test", "WorkFollow.Test\WorkFollow.Test.csproj", "{49CEF3AA-8520-4CCB-9C33-89DAE7EDC967}"
EndProject
Global
	GlobalSection(SolutionConfigurationPlatforms) = preSolution
		Debug|Any CPU = Debug|Any CPU
		Release|Any CPU = Release|Any CPU
	EndGlobalSection
	GlobalSection(ProjectConfigurationPlatforms) = postSolution
		{2D59FB37-954A-4959-ADDA-B5532632AEB2}.Debug|Any CPU.ActiveCfg = Debug|Any CPU
		{2D59FB37-954A-4959-ADDA-B5532632AEB2}.Debug|Any CPU.Build.0 = Debug|Any CPU
		{2D59FB37-954A-4959-ADDA-B5532632AEB2}.Release|Any CPU.ActiveCfg = Release|Any CPU
		{2D59FB37-954A-4959-ADDA-B5532632AEB2}.Release|Any CPU.Build.0 = Release|Any CPU
		{97BC9379-43D0-4813-8C94-891F0A482CA5}.Debug|Any CPU.ActiveCfg = Debug|Any CPU
		{97BC9379-43D0-4813-8C94-891F0A482CA5}.Debug|Any CPU.Build.0 = Debug|Any CPU
		{97BC9379-43D0-4813-8C94-891F0A482CA5}.Release|Any CPU.ActiveCfg = Release|Any CPU
		{97BC9379-43D0-4813-8C94-891F0A482CA5}.Release|Any CPU.Build.0 = Release|Any CPU
		{17D3E050-E898-4264-99B6-D68C99A94FDB}.Debug|Any CPU.ActiveCfg = Debug|Any CPU
		{17D3E050-E898-4264-99B6-D68C99A94FDB}.Debug|Any CPU.Build.0 = Debug|Any CPU
		{17D3E050-E898-4264-99B6-D68C99A94FDB}.Release|Any CPU.ActiveCfg = Release|Any CPU
		{17D3E050-E898-4264-99B6-D68C99A94FDB}.Release|Any CPU.Build.0 = Release|Any CPU
		{49CEF3AA-8520-4CCB-9C33-89DAE7EDC967}.Debug|Any CPU.ActiveCfg = Debug|Any CPU
		{49CEF3AA-8520-4CCB-9C33-89DAE7EDC967}.Debug|Any CPU.Build.0 = Debug|Any CPU
		{49CEF3AA-8520-4CCB-9C33-89DAE7EDC967}.Release|Any CPU.ActiveCfg = Release|Any CPU
		{49CEF3AA-8520-4CCB-9C33-89DAE7EDC967}.Release|Any CPU.Build.0 = Release|Any CPU
	EndGlobalSection
	GlobalSection(SolutionProperties) = preSolution
		HideSolutionNode = FALSE
	EndGlobalSection
	GlobalSection(ExtensibilityGlobals) = postSolution
		SolutionGuid = {FCA6E0F8-4815-4343-AD5D-9707CD6E5F3F}
	EndGlobalSection
EndGlobal
